// !$*UTF8*$!
{
	archiveVersion = 1;
	classes = {
	};
	objectVersion = 50;
	objects = {

/* Begin PBXBuildFile section */
		1C004F572469C60E002200B2 /* Rent.cpp in Sources */ = {isa = PBXBuildFile; fileRef = 1C004F532469C60D002200B2 /* Rent.cpp */; };
		1C004F582469C60E002200B2 /* UI.cpp in Sources */ = {isa = PBXBuildFile; fileRef = 1C004F552469C60D002200B2 /* UI.cpp */; };
		1C004F592469C60E002200B2 /* Reservierung.cpp in Sources */ = {isa = PBXBuildFile; fileRef = 1C004F562469C60D002200B2 /* Reservierung.cpp */; };
		1C004F5B2469C61C002200B2 /* CrudRepository.cpp in Sources */ = {isa = PBXBuildFile; fileRef = 1C004F5A2469C61C002200B2 /* CrudRepository.cpp */; };
		1C004F5F2469C63E002200B2 /* AutoController.cpp in Sources */ = {isa = PBXBuildFile; fileRef = 1C004F5E2469C63D002200B2 /* AutoController.cpp */; };
		1C004F622469C64A002200B2 /* Auto.cpp in Sources */ = {isa = PBXBuildFile; fileRef = 1C004F612469C64A002200B2 /* Auto.cpp */; };
/* End PBXBuildFile section */

/* Begin PBXCopyFilesBuildPhase section */
		1C004F452469C5F2002200B2 /* CopyFiles */ = {
			isa = PBXCopyFilesBuildPhase;
			buildActionMask = 2147483647;
			dstPath = /usr/share/man/man1/;
			dstSubfolderSpec = 0;
			files = (
			);
			runOnlyForDeploymentPostprocessing = 1;
		};
/* End PBXCopyFilesBuildPhase section */

/* Begin PBXFileReference section */
		1C004F472469C5F2002200B2 /* seminar5OOP */ = {isa = PBXFileReference; explicitFileType = "compiled.mach-o.executable"; includeInIndex = 0; path = seminar5OOP; sourceTree = BUILT_PRODUCTS_DIR; };
		1C004F512469C60D002200B2 /* Reservierung.h */ = {isa = PBXFileReference; fileEncoding = 4; lastKnownFileType = sourcecode.c.h; name = Reservierung.h; path = "../../../Downloads/Seminar5-master/Reservierung.h"; sourceTree = "<group>"; };
		1C004F522469C60D002200B2 /* UI.h */ = {isa = PBXFileReference; fileEncoding = 4; lastKnownFileType = sourcecode.c.h; name = UI.h; path = "../../../Downloads/Seminar5-master/UI.h"; sourceTree = "<group>"; };
		1C004F532469C60D002200B2 /* Rent.cpp */ = {isa = PBXFileReference; fileEncoding = 4; lastKnownFileType = sourcecode.cpp.cpp; name = Rent.cpp; path = "../../../Downloads/Seminar5-master/Rent.cpp"; sourceTree = "<group>"; };
		1C004F542469C60D002200B2 /* Rent.h */ = {isa = PBXFileReference; fileEncoding = 4; lastKnownFileType = sourcecode.c.h; name = Rent.h; path = "../../../Downloads/Seminar5-master/Rent.h"; sourceTree = "<group>"; };
		1C004F552469C60D002200B2 /* UI.cpp */ = {isa = PBXFileReference; fileEncoding = 4; lastKnownFileType = sourcecode.cpp.cpp; name = UI.cpp; path = "../../../Downloads/Seminar5-master/UI.cpp"; sourceTree = "<group>"; };
		1C004F562469C60D002200B2 /* Reservierung.cpp */ = {isa = PBXFileReference; fileEncoding = 4; lastKnownFileType = sourcecode.cpp.cpp; name = Reservierung.cpp; path = "../../../Downloads/Seminar5-master/Reservierung.cpp"; sourceTree = "<group>"; };
		1C004F5A2469C61C002200B2 /* CrudRepository.cpp */ = {isa = PBXFileReference; fileEncoding = 4; lastKnownFileType = sourcecode.cpp.cpp; name = CrudRepository.cpp; path = "../../../Downloads/Seminar5-master/CrudRepository.cpp"; sourceTree = "<group>"; };
		1C004F5C2469C626002200B2 /* CrudRepository.h */ = {isa = PBXFileReference; lastKnownFileType = sourcecode.c.h; name = CrudRepository.h; path = "../../../Downloads/Seminar5-master/CrudRepository.h"; sourceTree = "<group>"; };
		1C004F5D2469C632002200B2 /* AutoController.h */ = {isa = PBXFileReference; lastKnownFileType = sourcecode.c.h; name = AutoController.h; path = "../../../Downloads/Seminar5-master/AutoController.h"; sourceTree = "<group>"; };
		1C004F5E2469C63D002200B2 /* AutoController.cpp */ = {isa = PBXFileReference; fileEncoding = 4; lastKnownFileType = sourcecode.cpp.cpp; name = AutoController.cpp; path = "../../../Downloads/Seminar5-master/AutoController.cpp"; sourceTree = "<group>"; };
		1C004F602469C643002200B2 /* Auto.h */ = {isa = PBXFileReference; lastKnownFileType = sourcecode.c.h; name = Auto.h; path = "../../../Downloads/Seminar5-master/Auto.h"; sourceTree = "<group>"; };
		1C004F612469C64A002200B2 /* Auto.cpp */ = {isa = PBXFileReference; fileEncoding = 4; lastKnownFileType = sourcecode.cpp.cpp; name = Auto.cpp; path = "../../../Downloads/Seminar5-master/Auto.cpp"; sourceTree = "<group>"; };
/* End PBXFileReference section */

/* Begin PBXFrameworksBuildPhase section */
		1C004F442469C5F2002200B2 /* Frameworks */ = {
			isa = PBXFrameworksBuildPhase;
			buildActionMask = 2147483647;
			files = (
			);
			runOnlyForDeploymentPostprocessing = 0;
		};
/* End PBXFrameworksBuildPhase section */

/* Begin PBXGroup section */
		1C004F3E2469C5F2002200B2 = {
			isa = PBXGroup;
			children = (
				1C004F492469C5F2002200B2 /* seminar5OOP */,
				1C004F482469C5F2002200B2 /* Products */,
			);
			sourceTree = "<group>";
		};
		1C004F482469C5F2002200B2 /* Products */ = {
			isa = PBXGroup;
			children = (
				1C004F472469C5F2002200B2 /* seminar5OOP */,
			);
			name = Products;
			sourceTree = "<group>";
		};
		1C004F492469C5F2002200B2 /* seminar5OOP */ = {
			isa = PBXGroup;
			children = (
				1C004F612469C64A002200B2 /* Auto.cpp */,
				1C004F602469C643002200B2 /* Auto.h */,
				1C004F5E2469C63D002200B2 /* AutoController.cpp */,
				1C004F5D2469C632002200B2 /* AutoController.h */,
				1C004F5C2469C626002200B2 /* CrudRepository.h */,
				1C004F5A2469C61C002200B2 /* CrudRepository.cpp */,
				1C004F532469C60D002200B2 /* Rent.cpp */,
				1C004F542469C60D002200B2 /* Rent.h */,
				1C004F562469C60D002200B2 /* Reservierung.cpp */,
				1C004F512469C60D002200B2 /* Reservierung.h */,
				1C004F552469C60D002200B2 /* UI.cpp */,
				1C004F522469C60D002200B2 /* UI.h */,
			);
			path = seminar5OOP;
			sourceTree = "<group>";
		};
/* End PBXGroup section */

/* Begin PBXNativeTarget section */
		1C004F462469C5F2002200B2 /* seminar5OOP */ = {
			isa = PBXNativeTarget;
			buildConfigurationList = 1C004F4E2469C5F2002200B2 /* Build configuration list for PBXNativeTarget "seminar5OOP" */;
			buildPhases = (
				1C004F432469C5F2002200B2 /* Sources */,
				1C004F442469C5F2002200B2 /* Frameworks */,
				1C004F452469C5F2002200B2 /* CopyFiles */,
			);
			buildRules = (
			);
			dependencies = (
			);
			name = seminar5OOP;
			productName = seminar5OOP;
			productReference = 1C004F472469C5F2002200B2 /* seminar5OOP */;
			productType = "com.apple.product-type.tool";
		};
/* End PBXNativeTarget section */

/* Begin PBXProject section */
		1C004F3F2469C5F2002200B2 /* Project object */ = {
			isa = PBXProject;
			attributes = {
				LastUpgradeCheck = 1140;
				ORGANIZATIONNAME = "Ghirisan Sebastian";
				TargetAttributes = {
					1C004F462469C5F2002200B2 = {
						CreatedOnToolsVersion = 11.4;
					};
				};
			};
			buildConfigurationList = 1C004F422469C5F2002200B2 /* Build configuration list for PBXProject "seminar5OOP" */;
			compatibilityVersion = "Xcode 9.3";
			developmentRegion = en;
			hasScannedForEncodings = 0;
			knownRegions = (
				en,
				Base,
			);
			mainGroup = 1C004F3E2469C5F2002200B2;
			productRefGroup = 1C004F482469C5F2002200B2 /* Products */;
			projectDirPath = "";
			projectRoot = "";
			targets = (
				1C004F462469C5F2002200B2 /* seminar5OOP */,
			);
		};
/* End PBXProject section */

/* Begin PBXSourcesBuildPhase section */
		1C004F432469C5F2002200B2 /* Sources */ = {
			isa = PBXSourcesBuildPhase;
			buildActionMask = 2147483647;
			files = (
				1C004F5F2469C63E002200B2 /* AutoController.cpp in Sources */,
				1C004F572469C60E002200B2 /* Rent.cpp in Sources */,
				1C004F582469C60E002200B2 /* UI.cpp in Sources */,
				1C004F5B2469C61C002200B2 /* CrudRepository.cpp in Sources */,
				1C004F592469C60E002200B2 /* Reservierung.cpp in Sources */,
				1C004F622469C64A002200B2 /* Auto.cpp in Sources */,
			);
			runOnlyForDeploymentPostprocessing = 0;
		};
/* End PBXSourcesBuildPhase section */

/* Begin XCBuildConfiguration section */
		1C004F4C2469C5F2002200B2 /* Debug */ = {
			isa = XCBuildConfiguration;
			buildSettings = {
				ALWAYS_SEARCH_USER_PATHS = NO;
				CLANG_ANALYZER_NONNULL = YES;
				CLANG_ANALYZER_NUMBER_OBJECT_CONVERSION = YES_AGGRESSIVE;
				CLANG_CXX_LANGUAGE_STANDARD = "gnu++14";
				CLANG_CXX_LIBRARY = "libc++";
				CLANG_ENABLE_MODULES = YES;
				CLANG_ENABLE_OBJC_ARC = YES;
				CLANG_ENABLE_OBJC_WEAK = YES;
				CLANG_WARN_BLOCK_CAPTURE_AUTORELEASING = YES;
				CLANG_WARN_BOOL_CONVERSION = YES;
				CLANG_WARN_COMMA = YES;
				CLANG_WARN_CONSTANT_CONVERSION = YES;
				CLANG_WARN_DEPRECATED_OBJC_IMPLEMENTATIONS = YES;
				CLANG_WARN_DIRECT_OBJC_ISA_USAGE = YES_ERROR;
				CLANG_WARN_DOCUMENTATION_COMMENTS = YES;
				CLANG_WARN_EMPTY_BODY = YES;
				CLANG_WARN_ENUM_CONVERSION = YES;
				CLANG_WARN_INFINITE_RECURSION = YES;
				CLANG_WARN_INT_CONVERSION = YES;
				CLANG_WARN_NON_LITERAL_NULL_CONVERSION = YES;
				CLANG_WARN_OBJC_IMPLICIT_RETAIN_SELF = YES;
				CLANG_WARN_OBJC_LITERAL_CONVERSION = YES;
				CLANG_WARN_OBJC_ROOT_CLASS = YES_ERROR;
				CLANG_WARN_RANGE_LOOP_ANALYSIS = YES;
				CLANG_WARN_STRICT_PROTOTYPES = YES;
				CLANG_WARN_SUSPICIOUS_MOVE = YES;
				CLANG_WARN_UNGUARDED_AVAILABILITY = YES_AGGRESSIVE;
				CLANG_WARN_UNREACHABLE_CODE = YES;
				CLANG_WARN__DUPLICATE_METHOD_MATCH = YES;
				COPY_PHASE_STRIP = NO;
				DEBUG_INFORMATION_FORMAT = dwarf;
				ENABLE_STRICT_OBJC_MSGSEND = YES;
				ENABLE_TESTABILITY = YES;
				GCC_C_LANGUAGE_STANDARD = gnu11;
				GCC_DYNAMIC_NO_PIC = NO;
				GCC_NO_COMMON_BLOCKS = YES;
				GCC_OPTIMIZATION_LEVEL = 0;
				GCC_PREPROCESSOR_DEFINITIONS = (
					"DEBUG=1",
					"$(inherited)",
				);
				GCC_WARN_64_TO_32_BIT_CONVERSION = YES;
				GCC_WARN_ABOUT_RETURN_TYPE = YES_ERROR;
				GCC_WARN_UNDECLARED_SELECTOR = YES;
				GCC_WARN_UNINITIALIZED_AUTOS = YES_AGGRESSIVE;
				GCC_WARN_UNUSED_FUNCTION = YES;
				GCC_WARN_UNUSED_VARIABLE = YES;
				MACOSX_DEPLOYMENT_TARGET = 10.15;
				MTL_ENABLE_DEBUG_INFO = INCLUDE_SOURCE;
				MTL_FAST_MATH = YES;
				ONLY_ACTIVE_ARCH = YES;
				SDKROOT = macosx;
			};
			name = Debug;
		};
		1C004F4D2469C5F2002200B2 /* Release */ = {
			isa = XCBuildConfiguration;
			buildSettings = {
				ALWAYS_SEARCH_USER_PATHS = NO;
				CLANG_ANALYZER_NONNULL = YES;
				CLANG_ANALYZER_NUMBER_OBJECT_CONVERSION = YES_AGGRESSIVE;
				CLANG_CXX_LANGUAGE_STANDARD = "gnu++14";
				CLANG_CXX_LIBRARY = "libc++";
				CLANG_ENABLE_MODULES = YES;
				CLANG_ENABLE_OBJC_ARC = YES;
				CLANG_ENABLE_OBJC_WEAK = YES;
				CLANG_WARN_BLOCK_CAPTURE_AUTORELEASING = YES;
				CLANG_WARN_BOOL_CONVERSION = YES;
				CLANG_WARN_COMMA = YES;
				CLANG_WARN_CONSTANT_CONVERSION = YES;
				CLANG_WARN_DEPRECATED_OBJC_IMPLEMENTATIONS = YES;
				CLANG_WARN_DIRECT_OBJC_ISA_USAGE = YES_ERROR;
				CLANG_WARN_DOCUMENTATION_COMMENTS = YES;
				CLANG_WARN_EMPTY_BODY = YES;
				CLANG_WARN_ENUM_CONVERSION = YES;
				CLANG_WARN_INFINITE_RECURSION = YES;
				CLANG_WARN_INT_CONVERSION = YES;
				CLANG_WARN_NON_LITERAL_NULL_CONVERSION = YES;
				CLANG_WARN_OBJC_IMPLICIT_RETAIN_SELF = YES;
				CLANG_WARN_OBJC_LITERAL_CONVERSION = YES;
				CLANG_WARN_OBJC_ROOT_CLASS = YES_ERROR;
				CLANG_WARN_RANGE_LOOP_ANALYSIS = YES;
				CLANG_WARN_STRICT_PROTOTYPES = YES;
				CLANG_WARN_SUSPICIOUS_MOVE = YES;
				CLANG_WARN_UNGUARDED_AVAILABILITY = YES_AGGRESSIVE;
				CLANG_WARN_UNREACHABLE_CODE = YES;
				CLANG_WARN__DUPLICATE_METHOD_MATCH = YES;
				COPY_PHASE_STRIP = NO;
				DEBUG_INFORMATION_FORMAT = "dwarf-with-dsym";
				ENABLE_NS_ASSERTIONS = NO;
				ENABLE_STRICT_OBJC_MSGSEND = YES;
				GCC_C_LANGUAGE_STANDARD = gnu11;
				GCC_NO_COMMON_BLOCKS = YES;
				GCC_WARN_64_TO_32_BIT_CONVERSION = YES;
				GCC_WARN_ABOUT_RETURN_TYPE = YES_ERROR;
				GCC_WARN_UNDECLARED_SELECTOR = YES;
				GCC_WARN_UNINITIALIZED_AUTOS = YES_AGGRESSIVE;
				GCC_WARN_UNUSED_FUNCTION = YES;
				GCC_WARN_UNUSED_VARIABLE = YES;
				MACOSX_DEPLOYMENT_TARGET = 10.15;
				MTL_ENABLE_DEBUG_INFO = NO;
				MTL_FAST_MATH = YES;
				SDKROOT = macosx;
			};
			name = Release;
		};
		1C004F4F2469C5F2002200B2 /* Debug */ = {
			isa = XCBuildConfiguration;
			buildSettings = {
				CODE_SIGN_STYLE = Automatic;
				PRODUCT_NAME = "$(TARGET_NAME)";
			};
			name = Debug;
		};
		1C004F502469C5F2002200B2 /* Release */ = {
			isa = XCBuildConfiguration;
			buildSettings = {
				CODE_SIGN_STYLE = Automatic;
				PRODUCT_NAME = "$(TARGET_NAME)";
			};
			name = Release;
		};
/* End XCBuildConfiguration section */

/* Begin XCConfigurationList section */
		1C004F422469C5F2002200B2 /* Build configuration list for PBXProject "seminar5OOP" */ = {
			isa = XCConfigurationList;
			buildConfigurations = (
				1C004F4C2469C5F2002200B2 /* Debug */,
				1C004F4D2469C5F2002200B2 /* Release */,
			);
			defaultConfigurationIsVisible = 0;
			defaultConfigurationName = Release;
		};
		1C004F4E2469C5F2002200B2 /* Build configuration list for PBXNativeTarget "seminar5OOP" */ = {
			isa = XCConfigurationList;
			buildConfigurations = (
				1C004F4F2469C5F2002200B2 /* Debug */,
				1C004F502469C5F2002200B2 /* Release */,
			);
			defaultConfigurationIsVisible = 0;
			defaultConfigurationName = Release;
		};
/* End XCConfigurationList section */
	};
	rootObject = 1C004F3F2469C5F2002200B2 /* Project object */;
}
